Microsoft Visual Studio Solution File, Format Version 11.00
# Visual Studio 2008

Project("{F7EAE671-09B0-A56E-9337-9703311F7306}") = "BallsAndCubes", "Assembly-CSharp.csproj", "{56CF60F0-4810-F9A5-F0DB-03D53DBD8B4B}"
EndProject
Global
	GlobalSection(SolutionConfigurationPlatforms) = preSolution
		Debug|Any CPU = Debug|Any CPU
		Release|Any CPU = Release|Any CPU
	EndGlobalSection
	GlobalSection(ProjectConfigurationPlatforms) = postSolution
		{56CF60F0-4810-F9A5-F0DB-03D53DBD8B4B}.Debug|Any CPU.ActiveCfg = Debug|Any CPU
		{56CF60F0-4810-F9A5-F0DB-03D53DBD8B4B}.Debug|Any CPU.Build.0 = Debug|Any CPU
		{56CF60F0-4810-F9A5-F0DB-03D53DBD8B4B}.Release|Any CPU.ActiveCfg = Release|Any CPU
		{56CF60F0-4810-F9A5-F0DB-03D53DBD8B4B}.Release|Any CPU.Build.0 = Release|Any CPU
	EndGlobalSection
	GlobalSection(SolutionProperties) = preSolution
		HideSolutionNode = FALSE
	EndGlobalSection
	GlobalSection(MonoDevelopProperties) = preSolution
		StartupItem = Assembly-CSharp.csproj
	EndGlobalSection
EndGlobal
